{
	"name": "kick-start",
	"version": "1.0.0",
	"lockfileVersion": 2,
	"requires": true,
	"packages": {
		"": {
			"name": "kick-start",
			"version": "1.0.0",
			"license": "ISC",
			"dependencies": {
				"chalk": "^5.0.1",
				"readline": "^1.3.0",
				"typescript": "^4.8.4"
			},
			"devDependencies": {
				"@types/node": "^18.7.13"
			}
		},
		"node_modules/@types/node": {
			"version": "18.7.13",
			"resolved": "https://registry.npmjs.org/@types/node/-/node-18.7.13.tgz",
			"integrity": "sha512-46yIhxSe5xEaJZXWdIBP7GU4HDTG8/eo0qd9atdiL+lFpA03y8KS+lkTN834TWJj5767GbWv4n/P6efyTFt1Dw==",
			"dev": true
		},
		"node_modules/chalk": {
			"version": "5.0.1",
			"resolved": "https://registry.npmjs.org/chalk/-/chalk-5.0.1.tgz",
			"integrity": "sha512-Fo07WOYGqMfCWHOzSXOt2CxDbC6skS/jO9ynEcmpANMoPrD+W1r1K6Vx7iNm+AQmETU1Xr2t+n8nzkV9t6xh3w==",
			"engines": {
				"node": "^12.17.0 || ^14.13 || >=16.0.0"
			},
			"funding": {
				"url": "https://github.com/chalk/chalk?sponsor=1"
			}
		},
		"node_modules/readline": {
			"version": "1.3.0",
			"resolved": "https://registry.npmjs.org/readline/-/readline-1.3.0.tgz",
			"integrity": "sha512-k2d6ACCkiNYz222Fs/iNze30rRJ1iIicW7JuX/7/cozvih6YCkFZH+J6mAFDVgv0dRBaAyr4jDqC95R2y4IADg=="
		},
		"node_modules/typescript": {
			"version": "4.8.4",
			"resolved": "https://registry.npmjs.org/typescript/-/typescript-4.8.4.tgz",
			"integrity": "sha512-QCh+85mCy+h0IGff8r5XWzOVSbBO+KfeYrMQh7NJ58QujwcE22u+NUSmUxqF+un70P9GXKxa2HCNiTTMJknyjQ==",
			"bin": {
				"tsc": "bin/tsc",
				"tsserver": "bin/tsserver"
			},
			"engines": {
				"node": ">=4.2.0"
			}
		}
	},
	"dependencies": {
		"@types/node": {
			"version": "18.7.13",
			"resolved": "https://registry.npmjs.org/@types/node/-/node-18.7.13.tgz",
			"integrity": "sha512-46yIhxSe5xEaJZXWdIBP7GU4HDTG8/eo0qd9atdiL+lFpA03y8KS+lkTN834TWJj5767GbWv4n/P6efyTFt1Dw==",
			"dev": true
		},
		"chalk": {
			"version": "5.0.1",
			"resolved": "https://registry.npmjs.org/chalk/-/chalk-5.0.1.tgz",
			"integrity": "sha512-Fo07WOYGqMfCWHOzSXOt2CxDbC6skS/jO9ynEcmpANMoPrD+W1r1K6Vx7iNm+AQmETU1Xr2t+n8nzkV9t6xh3w=="
		},
		"readline": {
			"version": "1.3.0",
			"resolved": "https://registry.npmjs.org/readline/-/readline-1.3.0.tgz",
			"integrity": "sha512-k2d6ACCkiNYz222Fs/iNze30rRJ1iIicW7JuX/7/cozvih6YCkFZH+J6mAFDVgv0dRBaAyr4jDqC95R2y4IADg=="
		},
		"typescript": {
			"version": "4.8.4",
			"resolved": "https://registry.npmjs.org/typescript/-/typescript-4.8.4.tgz",
			"integrity": "sha512-QCh+85mCy+h0IGff8r5XWzOVSbBO+KfeYrMQh7NJ58QujwcE22u+NUSmUxqF+un70P9GXKxa2HCNiTTMJknyjQ=="
		}
	}
}
